
Microsoft Visual Studio Solution File, Format Version 12.00
# Visual Studio Version 16
VisualStudioVersion = 16.0.31112.23
MinimumVisualStudioVersion = 10.0.40219.1
Project("{FAE04EC0-301F-11D3-BF4B-00C04F79EFBC}") = "AddressBook-Dictionary", "AddressBook-Dictionary\AddressBook-Dictionary.csproj", "{E4808BC3-D2D9-4601-83C9-27516C2C9A88}"
EndProject
Project("{FAE04EC0-301F-11D3-BF4B-00C04F79EFBC}") = "AddressBookTestClass", "AddressBookTestClass\AddressBookTestClass.csproj", "{455EDAA6-19E6-409E-8143-9BB76F3F9E38}"
EndProject
Global
	GlobalSection(SolutionConfigurationPlatforms) = preSolution
		Debug|Any CPU = Debug|Any CPU
		Release|Any CPU = Release|Any CPU
	EndGlobalSection
	GlobalSection(ProjectConfigurationPlatforms) = postSolution
		{E4808BC3-D2D9-4601-83C9-27516C2C9A88}.Debug|Any CPU.ActiveCfg = Debug|Any CPU
		{E4808BC3-D2D9-4601-83C9-27516C2C9A88}.Debug|Any CPU.Build.0 = Debug|Any CPU
		{E4808BC3-D2D9-4601-83C9-27516C2C9A88}.Release|Any CPU.ActiveCfg = Release|Any CPU
		{E4808BC3-D2D9-4601-83C9-27516C2C9A88}.Release|Any CPU.Build.0 = Release|Any CPU
		{455EDAA6-19E6-409E-8143-9BB76F3F9E38}.Debug|Any CPU.ActiveCfg = Debug|Any CPU
		{455EDAA6-19E6-409E-8143-9BB76F3F9E38}.Debug|Any CPU.Build.0 = Debug|Any CPU
		{455EDAA6-19E6-409E-8143-9BB76F3F9E38}.Release|Any CPU.ActiveCfg = Release|Any CPU
		{455EDAA6-19E6-409E-8143-9BB76F3F9E38}.Release|Any CPU.Build.0 = Release|Any CPU
	EndGlobalSection
	GlobalSection(SolutionProperties) = preSolution
		HideSolutionNode = FALSE
	EndGlobalSection
	GlobalSection(ExtensibilityGlobals) = postSolution
		SolutionGuid = {B9DA7ECA-BB21-4C8D-868A-EEDD0DF9A6B2}
	EndGlobalSection
EndGlobal
